
Microsoft Visual Studio Solution File, Format Version 12.00
# Visual Studio 15
VisualStudioVersion = 15.0.27703.2018
MinimumVisualStudioVersion = 10.0.40219.1
Project("{FAE04EC0-301F-11D3-BF4B-00C04F79EFBC}") = "ConsoleApp2", "ConsoleApp2\ConsoleApp2.csproj", "{155745B4-85D2-49F9-95F0-0E511B8E5B41}"
EndProject
Project("{FAE04EC0-301F-11D3-BF4B-00C04F79EFBC}") = "OperationsUnitTests", "OperationsUnitTests\OperationsUnitTests.csproj", "{7E43D4FD-EC35-4769-A255-C1776C2AB7A0}"
EndProject
Global
	GlobalSection(SolutionConfigurationPlatforms) = preSolution
		Debug|Any CPU = Debug|Any CPU
		Release|Any CPU = Release|Any CPU
	EndGlobalSection
	GlobalSection(ProjectConfigurationPlatforms) = postSolution
		{155745B4-85D2-49F9-95F0-0E511B8E5B41}.Debug|Any CPU.ActiveCfg = Debug|Any CPU
		{155745B4-85D2-49F9-95F0-0E511B8E5B41}.Debug|Any CPU.Build.0 = Debug|Any CPU
		{155745B4-85D2-49F9-95F0-0E511B8E5B41}.Release|Any CPU.ActiveCfg = Release|Any CPU
		{155745B4-85D2-49F9-95F0-0E511B8E5B41}.Release|Any CPU.Build.0 = Release|Any CPU
		{7E43D4FD-EC35-4769-A255-C1776C2AB7A0}.Debug|Any CPU.ActiveCfg = Debug|Any CPU
		{7E43D4FD-EC35-4769-A255-C1776C2AB7A0}.Debug|Any CPU.Build.0 = Debug|Any CPU
		{7E43D4FD-EC35-4769-A255-C1776C2AB7A0}.Release|Any CPU.ActiveCfg = Release|Any CPU
		{7E43D4FD-EC35-4769-A255-C1776C2AB7A0}.Release|Any CPU.Build.0 = Release|Any CPU
	EndGlobalSection
	GlobalSection(SolutionProperties) = preSolution
		HideSolutionNode = FALSE
	EndGlobalSection
	GlobalSection(ExtensibilityGlobals) = postSolution
		SolutionGuid = {D2D26480-9BF2-4D6D-8C5F-B5FB51CB1468}
	EndGlobalSection
EndGlobal
